// !$*UTF8*$!
{
	archiveVersion = 1;
	classes = {
	};
	objectVersion = 56;
	objects = {

/* Begin PBXBuildFile section */
		A080D8D061C905FC3E43C386 /* Pods_Ranking.framework in Frameworks */ = {isa = PBXBuildFile; fileRef = 9E4B688857A1FFD95698BB11 /* Pods_Ranking.framework */; };
		B006A4D52B0A466000AA6D48 /* User.swift in Sources */ = {isa = PBXBuildFile; fileRef = B006A4D42B0A466000AA6D48 /* User.swift */; };
		B006A4D72B0A467800AA6D48 /* UserPayment.swift in Sources */ = {isa = PBXBuildFile; fileRef = B006A4D62B0A467800AA6D48 /* UserPayment.swift */; };
		B006A4D92B0A469700AA6D48 /* League.swift in Sources */ = {isa = PBXBuildFile; fileRef = B006A4D82B0A469700AA6D48 /* League.swift */; };
		B006A4DB2B0A46B500AA6D48 /* LeagueUser.swift in Sources */ = {isa = PBXBuildFile; fileRef = B006A4DA2B0A46B500AA6D48 /* LeagueUser.swift */; };
		B006A4DD2B0A46D300AA6D48 /* Duel.swift in Sources */ = {isa = PBXBuildFile; fileRef = B006A4DC2B0A46D300AA6D48 /* Duel.swift */; };
		B006A4DF2B0A496600AA6D48 /* UserService.swift in Sources */ = {isa = PBXBuildFile; fileRef = B006A4DE2B0A496600AA6D48 /* UserService.swift */; };
		B01441732AEC4E5300CA92C9 /* RankingApp.swift in Sources */ = {isa = PBXBuildFile; fileRef = B01441722AEC4E5300CA92C9 /* RankingApp.swift */; };
		B01441752AEC4E5300CA92C9 /* ContentView.swift in Sources */ = {isa = PBXBuildFile; fileRef = B01441742AEC4E5300CA92C9 /* ContentView.swift */; };
		B01441772AEC4E5500CA92C9 /* Assets.xcassets in Resources */ = {isa = PBXBuildFile; fileRef = B01441762AEC4E5500CA92C9 /* Assets.xcassets */; };
		B014417A2AEC4E5500CA92C9 /* Preview Assets.xcassets in Resources */ = {isa = PBXBuildFile; fileRef = B01441792AEC4E5500CA92C9 /* Preview Assets.xcassets */; };
		B01441A12AEC510D00CA92C9 /* LoginView.swift in Sources */ = {isa = PBXBuildFile; fileRef = B01441A02AEC510D00CA92C9 /* LoginView.swift */; };
		B01441A32AED3F9E00CA92C9 /* DashboardView.swift in Sources */ = {isa = PBXBuildFile; fileRef = B01441A22AED3F9E00CA92C9 /* DashboardView.swift */; };
		B01441A82AED500700CA92C9 /* AddDuelView.swift in Sources */ = {isa = PBXBuildFile; fileRef = B01441A72AED500700CA92C9 /* AddDuelView.swift */; };
		B01441AA2AED502600CA92C9 /* LeagueView.swift in Sources */ = {isa = PBXBuildFile; fileRef = B01441A92AED502600CA92C9 /* LeagueView.swift */; };
		B01E54FC2B3CAA76003FF467 /* Login.swift in Sources */ = {isa = PBXBuildFile; fileRef = B01E54FB2B3CAA76003FF467 /* Login.swift */; };
		B02609322BA5CB3D006E9106 /* InvitationsUserService.swift in Sources */ = {isa = PBXBuildFile; fileRef = B02609312BA5CB3D006E9106 /* InvitationsUserService.swift */; };
		B02609342BA5CB4C006E9106 /* InvitationsUserViewModel.swift in Sources */ = {isa = PBXBuildFile; fileRef = B02609332BA5CB4C006E9106 /* InvitationsUserViewModel.swift */; };
		B02609362BA5CB5E006E9106 /* InvitationsUser.swift in Sources */ = {isa = PBXBuildFile; fileRef = B02609352BA5CB5E006E9106 /* InvitationsUser.swift */; };
		B02609392BA5CFF5006E9106 /* AddLeagueUserView.swift in Sources */ = {isa = PBXBuildFile; fileRef = B02609382BA5CFF5006E9106 /* AddLeagueUserView.swift */; };
		B0437A272B49BB9600DFD203 /* DuelSummaryView.swift in Sources */ = {isa = PBXBuildFile; fileRef = B0437A262B49BB9600DFD203 /* DuelSummaryView.swift */; };
		B0437A2B2B49BC0D00DFD203 /* UsersSelectionView.swift in Sources */ = {isa = PBXBuildFile; fileRef = B0437A2A2B49BC0D00DFD203 /* UsersSelectionView.swift */; };
		B0437A2D2B49BC2100DFD203 /* LeagueSelectionView.swift in Sources */ = {isa = PBXBuildFile; fileRef = B0437A2C2B49BC2100DFD203 /* LeagueSelectionView.swift */; };
		B0437A2F2B4AB93300DFD203 /* LeagueUserService.swift in Sources */ = {isa = PBXBuildFile; fileRef = B0437A2E2B4AB93300DFD203 /* LeagueUserService.swift */; };
		B0507EBC2AF41382008E6D97 /* CardLeagueView.swift in Sources */ = {isa = PBXBuildFile; fileRef = B0507EBB2AF41382008E6D97 /* CardLeagueView.swift */; };
		B0507EBF2AF64BE5008E6D97 /* CardDuelView.swift in Sources */ = {isa = PBXBuildFile; fileRef = B0507EBE2AF64BE5008E6D97 /* CardDuelView.swift */; };
		B0507EC12AF68AAA008E6D97 /* MainNavView.swift in Sources */ = {isa = PBXBuildFile; fileRef = B0507EC02AF68AAA008E6D97 /* MainNavView.swift */; };
		B0507EC72AF6A1DE008E6D97 /* LeagueListView.swift in Sources */ = {isa = PBXBuildFile; fileRef = B0507EC62AF6A1DE008E6D97 /* LeagueListView.swift */; };
		B0507ECA2AF7B8ED008E6D97 /* DuelView.swift in Sources */ = {isa = PBXBuildFile; fileRef = B0507EC92AF7B8ED008E6D97 /* DuelView.swift */; };
		B0507ECD2AF7CA6E008E6D97 /* DetailLeagueView.swift in Sources */ = {isa = PBXBuildFile; fileRef = B0507ECC2AF7CA6E008E6D97 /* DetailLeagueView.swift */; };
		B0507ECF2AF7CB69008E6D97 /* BarChartView.swift in Sources */ = {isa = PBXBuildFile; fileRef = B0507ECE2AF7CB69008E6D97 /* BarChartView.swift */; };
		B0507ED12AFFB56D008E6D97 /* CardPlayerView.swift in Sources */ = {isa = PBXBuildFile; fileRef = B0507ED02AFFB56D008E6D97 /* CardPlayerView.swift */; };
		B0507ED32B00FB0B008E6D97 /* UpdateDuelView.swift in Sources */ = {isa = PBXBuildFile; fileRef = B0507ED22B00FB0B008E6D97 /* UpdateDuelView.swift */; };
		B0507ED52B0117B5008E6D97 /* DetailDuelView.swift in Sources */ = {isa = PBXBuildFile; fileRef = B0507ED42B0117B5008E6D97 /* DetailDuelView.swift */; };
		B0507EDF2B012DB2008E6D97 /* UtilityFunctions.swift in Sources */ = {isa = PBXBuildFile; fileRef = B0507EDE2B012DB2008E6D97 /* UtilityFunctions.swift */; };
		B062EC092B123F8200CDA542 /* Dashboard.swift in Sources */ = {isa = PBXBuildFile; fileRef = B062EC082B123F8200CDA542 /* Dashboard.swift */; };
		B062EC0B2B12432E00CDA542 /* DashboardService.swift in Sources */ = {isa = PBXBuildFile; fileRef = B062EC0A2B12432E00CDA542 /* DashboardService.swift */; };
		B0A9BBFC2BA386D5004A5C46 /* AddLeagueView.swift in Sources */ = {isa = PBXBuildFile; fileRef = B0A9BBFB2BA386D5004A5C46 /* AddLeagueView.swift */; };
		B0A9BBFE2BA38CC8004A5C46 /* LeagueService.swift in Sources */ = {isa = PBXBuildFile; fileRef = B0A9BBFD2BA38CC8004A5C46 /* LeagueService.swift */; };
		B0A9BC002BA38D94004A5C46 /* LeagueViewModel.swift in Sources */ = {isa = PBXBuildFile; fileRef = B0A9BBFF2BA38D94004A5C46 /* LeagueViewModel.swift */; };
		B0D87EBE2B0915CC0028E0DE /* RoundedBoxView.swift in Sources */ = {isa = PBXBuildFile; fileRef = B0D87EBD2B0915CC0028E0DE /* RoundedBoxView.swift */; };
		B0DD26502B405883004C0EB3 /* AuthService.swift in Sources */ = {isa = PBXBuildFile; fileRef = B0DD264F2B405883004C0EB3 /* AuthService.swift */; };
		B0DD26532B406201004C0EB3 /* AuthManager.swift in Sources */ = {isa = PBXBuildFile; fileRef = B0DD26522B406201004C0EB3 /* AuthManager.swift */; };
		B0DD26552B4085FD004C0EB3 /* AuthViewModel.swift in Sources */ = {isa = PBXBuildFile; fileRef = B0DD26542B4085FD004C0EB3 /* AuthViewModel.swift */; };
		B0DD265A2B41B239004C0EB3 /* AuthMainNav.swift in Sources */ = {isa = PBXBuildFile; fileRef = B0DD26592B41B239004C0EB3 /* AuthMainNav.swift */; };
		B0DD265C2B41B2F5004C0EB3 /* SignUpView.swift in Sources */ = {isa = PBXBuildFile; fileRef = B0DD265B2B41B2F5004C0EB3 /* SignUpView.swift */; };
		B0DD265E2B447663004C0EB3 /* ApiSettings.swift in Sources */ = {isa = PBXBuildFile; fileRef = B0DD265D2B447663004C0EB3 /* ApiSettings.swift */; };
		B0E38FC32B6510FE00EA9481 /* DuelService.swift in Sources */ = {isa = PBXBuildFile; fileRef = B0E38FC22B6510FE00EA9481 /* DuelService.swift */; };
		B0E38FC52B65146C00EA9481 /* Utils.swift in Sources */ = {isa = PBXBuildFile; fileRef = B0E38FC42B65146C00EA9481 /* Utils.swift */; };
		B0E38FC72B6518A200EA9481 /* DuelViewModel.swift in Sources */ = {isa = PBXBuildFile; fileRef = B0E38FC62B6518A200EA9481 /* DuelViewModel.swift */; };
		B0E38FC92B65400D00EA9481 /* DashboardViewModel.swift in Sources */ = {isa = PBXBuildFile; fileRef = B0E38FC82B65400D00EA9481 /* DashboardViewModel.swift */; };
		B0E505112B5302DA005D0584 /* LeagueUserViewModel.swift in Sources */ = {isa = PBXBuildFile; fileRef = B0E505102B5302DA005D0584 /* LeagueUserViewModel.swift */; };
/* End PBXBuildFile section */

/* Begin PBXFileReference section */
		0BA12B7221B185C98DC7BAE1 /* Pods-Ranking.debug.xcconfig */ = {isa = PBXFileReference; includeInIndex = 1; lastKnownFileType = text.xcconfig; name = "Pods-Ranking.debug.xcconfig"; path = "Target Support Files/Pods-Ranking/Pods-Ranking.debug.xcconfig"; sourceTree = "<group>"; };
		9B78917DCA6BD58283DDE3CC /* Pods-Ranking.release.xcconfig */ = {isa = PBXFileReference; includeInIndex = 1; lastKnownFileType = text.xcconfig; name = "Pods-Ranking.release.xcconfig"; path = "Target Support Files/Pods-Ranking/Pods-Ranking.release.xcconfig"; sourceTree = "<group>"; };
		9E4B688857A1FFD95698BB11 /* Pods_Ranking.framework */ = {isa = PBXFileReference; explicitFileType = wrapper.framework; includeInIndex = 0; path = Pods_Ranking.framework; sourceTree = BUILT_PRODUCTS_DIR; };
		B006A4D42B0A466000AA6D48 /* User.swift */ = {isa = PBXFileReference; lastKnownFileType = sourcecode.swift; path = User.swift; sourceTree = "<group>"; };
		B006A4D62B0A467800AA6D48 /* UserPayment.swift */ = {isa = PBXFileReference; lastKnownFileType = sourcecode.swift; path = UserPayment.swift; sourceTree = "<group>"; };
		B006A4D82B0A469700AA6D48 /* League.swift */ = {isa = PBXFileReference; lastKnownFileType = sourcecode.swift; path = League.swift; sourceTree = "<group>"; };
		B006A4DA2B0A46B500AA6D48 /* LeagueUser.swift */ = {isa = PBXFileReference; lastKnownFileType = sourcecode.swift; path = LeagueUser.swift; sourceTree = "<group>"; };
		B006A4DC2B0A46D300AA6D48 /* Duel.swift */ = {isa = PBXFileReference; lastKnownFileType = sourcecode.swift; path = Duel.swift; sourceTree = "<group>"; };
		B006A4DE2B0A496600AA6D48 /* UserService.swift */ = {isa = PBXFileReference; lastKnownFileType = sourcecode.swift; path = UserService.swift; sourceTree = "<group>"; };
		B014416F2AEC4E5300CA92C9 /* Ranking.app */ = {isa = PBXFileReference; explicitFileType = wrapper.application; includeInIndex = 0; path = Ranking.app; sourceTree = BUILT_PRODUCTS_DIR; };
		B01441722AEC4E5300CA92C9 /* RankingApp.swift */ = {isa = PBXFileReference; lastKnownFileType = sourcecode.swift; path = RankingApp.swift; sourceTree = "<group>"; };
		B01441742AEC4E5300CA92C9 /* ContentView.swift */ = {isa = PBXFileReference; lastKnownFileType = sourcecode.swift; path = ContentView.swift; sourceTree = "<group>"; };
		B01441762AEC4E5500CA92C9 /* Assets.xcassets */ = {isa = PBXFileReference; lastKnownFileType = folder.assetcatalog; path = Assets.xcassets; sourceTree = "<group>"; };
		B01441792AEC4E5500CA92C9 /* Preview Assets.xcassets */ = {isa = PBXFileReference; lastKnownFileType = folder.assetcatalog; path = "Preview Assets.xcassets"; sourceTree = "<group>"; };
		B01441A02AEC510D00CA92C9 /* LoginView.swift */ = {isa = PBXFileReference; lastKnownFileType = sourcecode.swift; path = LoginView.swift; sourceTree = "<group>"; };
		B01441A22AED3F9E00CA92C9 /* DashboardView.swift */ = {isa = PBXFileReference; lastKnownFileType = sourcecode.swift; path = DashboardView.swift; sourceTree = "<group>"; };
		B01441A72AED500700CA92C9 /* AddDuelView.swift */ = {isa = PBXFileReference; lastKnownFileType = sourcecode.swift; path = AddDuelView.swift; sourceTree = "<group>"; };
		B01441A92AED502600CA92C9 /* LeagueView.swift */ = {isa = PBXFileReference; lastKnownFileType = sourcecode.swift; path = LeagueView.swift; sourceTree = "<group>"; };
		B01E54FB2B3CAA76003FF467 /* Login.swift */ = {isa = PBXFileReference; lastKnownFileType = sourcecode.swift; path = Login.swift; sourceTree = "<group>"; };
		B02609312BA5CB3D006E9106 /* InvitationsUserService.swift */ = {isa = PBXFileReference; lastKnownFileType = sourcecode.swift; path = InvitationsUserService.swift; sourceTree = "<group>"; };
		B02609332BA5CB4C006E9106 /* InvitationsUserViewModel.swift */ = {isa = PBXFileReference; lastKnownFileType = sourcecode.swift; path = InvitationsUserViewModel.swift; sourceTree = "<group>"; };
		B02609352BA5CB5E006E9106 /* InvitationsUser.swift */ = {isa = PBXFileReference; lastKnownFileType = sourcecode.swift; path = InvitationsUser.swift; sourceTree = "<group>"; };
		B02609382BA5CFF5006E9106 /* AddLeagueUserView.swift */ = {isa = PBXFileReference; lastKnownFileType = sourcecode.swift; path = AddLeagueUserView.swift; sourceTree = "<group>"; };
		B0437A262B49BB9600DFD203 /* DuelSummaryView.swift */ = {isa = PBXFileReference; lastKnownFileType = sourcecode.swift; path = DuelSummaryView.swift; sourceTree = "<group>"; };
		B0437A2A2B49BC0D00DFD203 /* UsersSelectionView.swift */ = {isa = PBXFileReference; lastKnownFileType = sourcecode.swift; path = UsersSelectionView.swift; sourceTree = "<group>"; };
		B0437A2C2B49BC2100DFD203 /* LeagueSelectionView.swift */ = {isa = PBXFileReference; lastKnownFileType = sourcecode.swift; path = LeagueSelectionView.swift; sourceTree = "<group>"; };
		B0437A2E2B4AB93300DFD203 /* LeagueUserService.swift */ = {isa = PBXFileReference; lastKnownFileType = sourcecode.swift; path = LeagueUserService.swift; sourceTree = "<group>"; };
		B0507EBB2AF41382008E6D97 /* CardLeagueView.swift */ = {isa = PBXFileReference; lastKnownFileType = sourcecode.swift; path = CardLeagueView.swift; sourceTree = "<group>"; };
		B0507EBE2AF64BE5008E6D97 /* CardDuelView.swift */ = {isa = PBXFileReference; lastKnownFileType = sourcecode.swift; path = CardDuelView.swift; sourceTree = "<group>"; };
		B0507EC02AF68AAA008E6D97 /* MainNavView.swift */ = {isa = PBXFileReference; lastKnownFileType = sourcecode.swift; path = MainNavView.swift; sourceTree = "<group>"; };
		B0507EC62AF6A1DE008E6D97 /* LeagueListView.swift */ = {isa = PBXFileReference; lastKnownFileType = sourcecode.swift; path = LeagueListView.swift; sourceTree = "<group>"; };
		B0507EC92AF7B8ED008E6D97 /* DuelView.swift */ = {isa = PBXFileReference; lastKnownFileType = sourcecode.swift; path = DuelView.swift; sourceTree = "<group>"; };
		B0507ECC2AF7CA6E008E6D97 /* DetailLeagueView.swift */ = {isa = PBXFileReference; lastKnownFileType = sourcecode.swift; path = DetailLeagueView.swift; sourceTree = "<group>"; };
		B0507ECE2AF7CB69008E6D97 /* BarChartView.swift */ = {isa = PBXFileReference; lastKnownFileType = sourcecode.swift; path = BarChartView.swift; sourceTree = "<group>"; };
		B0507ED02AFFB56D008E6D97 /* CardPlayerView.swift */ = {isa = PBXFileReference; lastKnownFileType = sourcecode.swift; path = CardPlayerView.swift; sourceTree = "<group>"; };
		B0507ED22B00FB0B008E6D97 /* UpdateDuelView.swift */ = {isa = PBXFileReference; lastKnownFileType = sourcecode.swift; path = UpdateDuelView.swift; sourceTree = "<group>"; };
		B0507ED42B0117B5008E6D97 /* DetailDuelView.swift */ = {isa = PBXFileReference; lastKnownFileType = sourcecode.swift; path = DetailDuelView.swift; sourceTree = "<group>"; };
		B0507EDE2B012DB2008E6D97 /* UtilityFunctions.swift */ = {isa = PBXFileReference; lastKnownFileType = sourcecode.swift; path = UtilityFunctions.swift; sourceTree = "<group>"; };
		B062EC072B12009A00CDA542 /* Info.plist */ = {isa = PBXFileReference; lastKnownFileType = text.plist; path = Info.plist; sourceTree = "<group>"; };
		B062EC082B123F8200CDA542 /* Dashboard.swift */ = {isa = PBXFileReference; lastKnownFileType = sourcecode.swift; path = Dashboard.swift; sourceTree = "<group>"; };
		B062EC0A2B12432E00CDA542 /* DashboardService.swift */ = {isa = PBXFileReference; lastKnownFileType = sourcecode.swift; path = DashboardService.swift; sourceTree = "<group>"; };
		B0A9BBFB2BA386D5004A5C46 /* AddLeagueView.swift */ = {isa = PBXFileReference; lastKnownFileType = sourcecode.swift; path = AddLeagueView.swift; sourceTree = "<group>"; };
		B0A9BBFD2BA38CC8004A5C46 /* LeagueService.swift */ = {isa = PBXFileReference; lastKnownFileType = sourcecode.swift; path = LeagueService.swift; sourceTree = "<group>"; };
		B0A9BBFF2BA38D94004A5C46 /* LeagueViewModel.swift */ = {isa = PBXFileReference; lastKnownFileType = sourcecode.swift; path = LeagueViewModel.swift; sourceTree = "<group>"; };
		B0D87EBD2B0915CC0028E0DE /* RoundedBoxView.swift */ = {isa = PBXFileReference; lastKnownFileType = sourcecode.swift; path = RoundedBoxView.swift; sourceTree = "<group>"; };
		B0DD264F2B405883004C0EB3 /* AuthService.swift */ = {isa = PBXFileReference; lastKnownFileType = sourcecode.swift; path = AuthService.swift; sourceTree = "<group>"; };
		B0DD26522B406201004C0EB3 /* AuthManager.swift */ = {isa = PBXFileReference; lastKnownFileType = sourcecode.swift; path = AuthManager.swift; sourceTree = "<group>"; };
		B0DD26542B4085FD004C0EB3 /* AuthViewModel.swift */ = {isa = PBXFileReference; lastKnownFileType = sourcecode.swift; path = AuthViewModel.swift; sourceTree = "<group>"; };
		B0DD26592B41B239004C0EB3 /* AuthMainNav.swift */ = {isa = PBXFileReference; lastKnownFileType = sourcecode.swift; path = AuthMainNav.swift; sourceTree = "<group>"; };
		B0DD265B2B41B2F5004C0EB3 /* SignUpView.swift */ = {isa = PBXFileReference; lastKnownFileType = sourcecode.swift; path = SignUpView.swift; sourceTree = "<group>"; };
		B0DD265D2B447663004C0EB3 /* ApiSettings.swift */ = {isa = PBXFileReference; lastKnownFileType = sourcecode.swift; path = ApiSettings.swift; sourceTree = "<group>"; };
		B0E38FC22B6510FE00EA9481 /* DuelService.swift */ = {isa = PBXFileReference; lastKnownFileType = sourcecode.swift; path = DuelService.swift; sourceTree = "<group>"; };
		B0E38FC42B65146C00EA9481 /* Utils.swift */ = {isa = PBXFileReference; lastKnownFileType = sourcecode.swift; path = Utils.swift; sourceTree = "<group>"; };
		B0E38FC62B6518A200EA9481 /* DuelViewModel.swift */ = {isa = PBXFileReference; lastKnownFileType = sourcecode.swift; path = DuelViewModel.swift; sourceTree = "<group>"; };
		B0E38FC82B65400D00EA9481 /* DashboardViewModel.swift */ = {isa = PBXFileReference; lastKnownFileType = sourcecode.swift; path = DashboardViewModel.swift; sourceTree = "<group>"; };
		B0E505102B5302DA005D0584 /* LeagueUserViewModel.swift */ = {isa = PBXFileReference; lastKnownFileType = sourcecode.swift; path = LeagueUserViewModel.swift; sourceTree = "<group>"; };
/* End PBXFileReference section */

/* Begin PBXFrameworksBuildPhase section */
		B014416C2AEC4E5300CA92C9 /* Frameworks */ = {
			isa = PBXFrameworksBuildPhase;
			buildActionMask = 2147483647;
			files = (
				A080D8D061C905FC3E43C386 /* Pods_Ranking.framework in Frameworks */,
			);
			runOnlyForDeploymentPostprocessing = 0;
		};
/* End PBXFrameworksBuildPhase section */

/* Begin PBXGroup section */
		22D7ED70349AAB9BD6B28B31 /* Pods */ = {
			isa = PBXGroup;
			children = (
				0BA12B7221B185C98DC7BAE1 /* Pods-Ranking.debug.xcconfig */,
				9B78917DCA6BD58283DDE3CC /* Pods-Ranking.release.xcconfig */,
			);
			path = Pods;
			sourceTree = "<group>";
		};
		790374FBCC7D7DF6BBB9ECD4 /* Frameworks */ = {
			isa = PBXGroup;
			children = (
				9E4B688857A1FFD95698BB11 /* Pods_Ranking.framework */,
			);
			name = Frameworks;
			sourceTree = "<group>";
		};
		B01441662AEC4E5300CA92C9 = {
			isa = PBXGroup;
			children = (
				B01441712AEC4E5300CA92C9 /* Ranking */,
				B01441702AEC4E5300CA92C9 /* Products */,
				22D7ED70349AAB9BD6B28B31 /* Pods */,
				790374FBCC7D7DF6BBB9ECD4 /* Frameworks */,
			);
			sourceTree = "<group>";
		};
		B01441702AEC4E5300CA92C9 /* Products */ = {
			isa = PBXGroup;
			children = (
				B014416F2AEC4E5300CA92C9 /* Ranking.app */,
			);
			name = Products;
			sourceTree = "<group>";
		};
		B01441712AEC4E5300CA92C9 /* Ranking */ = {
			isa = PBXGroup;
			children = (
				B062EC072B12009A00CDA542 /* Info.plist */,
				B0507ED92B012C2D008E6D97 /* Helpers */,
				B0507ED82B012C24008E6D97 /* Services */,
				B0507ED72B012C1A008E6D97 /* ViewModel */,
				B0507ED62B012C0D008E6D97 /* Model */,
				B01441A62AED4F5E00CA92C9 /* Views */,
				B01441722AEC4E5300CA92C9 /* RankingApp.swift */,
				B01441742AEC4E5300CA92C9 /* ContentView.swift */,
				B01441762AEC4E5500CA92C9 /* Assets.xcassets */,
				B01441782AEC4E5500CA92C9 /* Preview Content */,
			);
			path = Ranking;
			sourceTree = "<group>";
		};
		B01441782AEC4E5500CA92C9 /* Preview Content */ = {
			isa = PBXGroup;
			children = (
				B01441792AEC4E5500CA92C9 /* Preview Assets.xcassets */,
			);
			path = "Preview Content";
			sourceTree = "<group>";
		};
		B01441A62AED4F5E00CA92C9 /* Views */ = {
			isa = PBXGroup;
			children = (
				B02609372BA5CFB4006E9106 /* LeagueUser */,
				B0DD26582B41B1F0004C0EB3 /* Auth */,
				B0507EBD2AF64BC2008E6D97 /* components */,
				B0507EC82AF7B8C4008E6D97 /* Duel */,
				B0507EC42AF68CCE008E6D97 /* League */,
				B0507EB92AF41322008E6D97 /* Dashboard */,
				B0507EC02AF68AAA008E6D97 /* MainNavView.swift */,
				B0DD26592B41B239004C0EB3 /* AuthMainNav.swift */,
			);
			path = Views;
			sourceTree = "<group>";
		};
		B02609372BA5CFB4006E9106 /* LeagueUser */ = {
			isa = PBXGroup;
			children = (
				B02609382BA5CFF5006E9106 /* AddLeagueUserView.swift */,
			);
			path = LeagueUser;
			sourceTree = "<group>";
		};
		B0507EB92AF41322008E6D97 /* Dashboard */ = {
			isa = PBXGroup;
			children = (
				B0507EBA2AF4133D008E6D97 /* components */,
				B01441A22AED3F9E00CA92C9 /* DashboardView.swift */,
			);
			path = Dashboard;
			sourceTree = "<group>";
		};
		B0507EBA2AF4133D008E6D97 /* components */ = {
			isa = PBXGroup;
			children = (
				B0507EBB2AF41382008E6D97 /* CardLeagueView.swift */,
			);
			path = components;
			sourceTree = "<group>";
		};
		B0507EBD2AF64BC2008E6D97 /* components */ = {
			isa = PBXGroup;
			children = (
				B0507EBE2AF64BE5008E6D97 /* CardDuelView.swift */,
				B0507ECE2AF7CB69008E6D97 /* BarChartView.swift */,
				B0507ED02AFFB56D008E6D97 /* CardPlayerView.swift */,
				B0D87EBD2B0915CC0028E0DE /* RoundedBoxView.swift */,
			);
			path = components;
			sourceTree = "<group>";
		};
		B0507EC42AF68CCE008E6D97 /* League */ = {
			isa = PBXGroup;
			children = (
				B0507EC52AF68CE4008E6D97 /* components */,
				B01441A92AED502600CA92C9 /* LeagueView.swift */,
				B0507ECC2AF7CA6E008E6D97 /* DetailLeagueView.swift */,
				B0A9BBFB2BA386D5004A5C46 /* AddLeagueView.swift */,
			);
			path = League;
			sourceTree = "<group>";
		};
		B0507EC52AF68CE4008E6D97 /* components */ = {
			isa = PBXGroup;
			children = (
				B0507EC62AF6A1DE008E6D97 /* LeagueListView.swift */,
			);
			path = components;
			sourceTree = "<group>";
		};
		B0507EC82AF7B8C4008E6D97 /* Duel */ = {
			isa = PBXGroup;
			children = (
				B0507ECB2AF7B8F2008E6D97 /* components */,
				B0507EC92AF7B8ED008E6D97 /* DuelView.swift */,
				B0507ED22B00FB0B008E6D97 /* UpdateDuelView.swift */,
				B0437A262B49BB9600DFD203 /* DuelSummaryView.swift */,
				B01441A72AED500700CA92C9 /* AddDuelView.swift */,
				B0507ED42B0117B5008E6D97 /* DetailDuelView.swift */,
			);
			path = Duel;
			sourceTree = "<group>";
		};
		B0507ECB2AF7B8F2008E6D97 /* components */ = {
			isa = PBXGroup;
			children = (
				B0437A2C2B49BC2100DFD203 /* LeagueSelectionView.swift */,
				B0437A2A2B49BC0D00DFD203 /* UsersSelectionView.swift */,
			);
			path = components;
			sourceTree = "<group>";
		};
		B0507ED62B012C0D008E6D97 /* Model */ = {
			isa = PBXGroup;
			children = (
				B01E54FB2B3CAA76003FF467 /* Login.swift */,
				B006A4D42B0A466000AA6D48 /* User.swift */,
				B006A4D62B0A467800AA6D48 /* UserPayment.swift */,
				B006A4D82B0A469700AA6D48 /* League.swift */,
				B006A4DA2B0A46B500AA6D48 /* LeagueUser.swift */,
				B006A4DC2B0A46D300AA6D48 /* Duel.swift */,
				B062EC082B123F8200CDA542 /* Dashboard.swift */,
				B0E38FC42B65146C00EA9481 /* Utils.swift */,
				B02609352BA5CB5E006E9106 /* InvitationsUser.swift */,
			);
			path = Model;
			sourceTree = "<group>";
		};
		B0507ED72B012C1A008E6D97 /* ViewModel */ = {
			isa = PBXGroup;
			children = (
				B0DD26542B4085FD004C0EB3 /* AuthViewModel.swift */,
				B0E505102B5302DA005D0584 /* LeagueUserViewModel.swift */,
				B0E38FC62B6518A200EA9481 /* DuelViewModel.swift */,
				B0E38FC82B65400D00EA9481 /* DashboardViewModel.swift */,
				B0A9BBFF2BA38D94004A5C46 /* LeagueViewModel.swift */,
				B02609332BA5CB4C006E9106 /* InvitationsUserViewModel.swift */,
			);
			path = ViewModel;
			sourceTree = "<group>";
		};
		B0507ED82B012C24008E6D97 /* Services */ = {
			isa = PBXGroup;
			children = (
				B006A4DE2B0A496600AA6D48 /* UserService.swift */,
				B0437A2E2B4AB93300DFD203 /* LeagueUserService.swift */,
				B062EC0A2B12432E00CDA542 /* DashboardService.swift */,
				B0DD264F2B405883004C0EB3 /* AuthService.swift */,
				B0E38FC22B6510FE00EA9481 /* DuelService.swift */,
				B0A9BBFD2BA38CC8004A5C46 /* LeagueService.swift */,
				B02609312BA5CB3D006E9106 /* InvitationsUserService.swift */,
			);
			path = Services;
			sourceTree = "<group>";
		};
		B0507ED92B012C2D008E6D97 /* Helpers */ = {
			isa = PBXGroup;
			children = (
				B0507EDE2B012DB2008E6D97 /* UtilityFunctions.swift */,
				B0DD26522B406201004C0EB3 /* AuthManager.swift */,
				B0DD265D2B447663004C0EB3 /* ApiSettings.swift */,
			);
			path = Helpers;
			sourceTree = "<group>";
		};
		B0DD26582B41B1F0004C0EB3 /* Auth */ = {
			isa = PBXGroup;
			children = (
				B01441A02AEC510D00CA92C9 /* LoginView.swift */,
				B0DD265B2B41B2F5004C0EB3 /* SignUpView.swift */,
			);
			path = Auth;
			sourceTree = "<group>";
		};
/* End PBXGroup section */

/* Begin PBXNativeTarget section */
		B014416E2AEC4E5300CA92C9 /* Ranking */ = {
			isa = PBXNativeTarget;
			buildConfigurationList = B014417D2AEC4E5500CA92C9 /* Build configuration list for PBXNativeTarget "Ranking" */;
			buildPhases = (
				65240B6C847F94FFF4F43372 /* [CP] Check Pods Manifest.lock */,
				B014416B2AEC4E5300CA92C9 /* Sources */,
				B014416C2AEC4E5300CA92C9 /* Frameworks */,
				B014416D2AEC4E5300CA92C9 /* Resources */,
				D5F16A9CA79ED7FB509A74D2 /* [CP] Embed Pods Frameworks */,
			);
			buildRules = (
			);
			dependencies = (
			);
			name = Ranking;
			productName = Ranking;
			productReference = B014416F2AEC4E5300CA92C9 /* Ranking.app */;
			productType = "com.apple.product-type.application";
		};
/* End PBXNativeTarget section */

/* Begin PBXProject section */
		B01441672AEC4E5300CA92C9 /* Project object */ = {
			isa = PBXProject;
			attributes = {
				BuildIndependentTargetsInParallel = 1;
				LastSwiftUpdateCheck = 1420;
				LastUpgradeCheck = 1420;
				TargetAttributes = {
					B014416E2AEC4E5300CA92C9 = {
						CreatedOnToolsVersion = 14.2;
					};
				};
			};
			buildConfigurationList = B014416A2AEC4E5300CA92C9 /* Build configuration list for PBXProject "Ranking" */;
			compatibilityVersion = "Xcode 14.0";
			developmentRegion = en;
			hasScannedForEncodings = 0;
			knownRegions = (
				en,
				Base,
			);
			mainGroup = B01441662AEC4E5300CA92C9;
			productRefGroup = B01441702AEC4E5300CA92C9 /* Products */;
			projectDirPath = "";
			projectRoot = "";
			targets = (
				B014416E2AEC4E5300CA92C9 /* Ranking */,
			);
		};
/* End PBXProject section */

/* Begin PBXResourcesBuildPhase section */
		B014416D2AEC4E5300CA92C9 /* Resources */ = {
			isa = PBXResourcesBuildPhase;
			buildActionMask = 2147483647;
			files = (
				B014417A2AEC4E5500CA92C9 /* Preview Assets.xcassets in Resources */,
				B01441772AEC4E5500CA92C9 /* Assets.xcassets in Resources */,
			);
			runOnlyForDeploymentPostprocessing = 0;
		};
/* End PBXResourcesBuildPhase section */

/* Begin PBXShellScriptBuildPhase section */
		65240B6C847F94FFF4F43372 /* [CP] Check Pods Manifest.lock */ = {
			isa = PBXShellScriptBuildPhase;
			buildActionMask = 2147483647;
			files = (
			);
			inputFileListPaths = (
			);
			inputPaths = (
				"${PODS_PODFILE_DIR_PATH}/Podfile.lock",
				"${PODS_ROOT}/Manifest.lock",
			);
			name = "[CP] Check Pods Manifest.lock";
			outputFileListPaths = (
			);
			outputPaths = (
				"$(DERIVED_FILE_DIR)/Pods-Ranking-checkManifestLockResult.txt",
			);
			runOnlyForDeploymentPostprocessing = 0;
			shellPath = /bin/sh;
			shellScript = "diff \"${PODS_PODFILE_DIR_PATH}/Podfile.lock\" \"${PODS_ROOT}/Manifest.lock\" > /dev/null\nif [ $? != 0 ] ; then\n    # print error to STDERR\n    echo \"error: The sandbox is not in sync with the Podfile.lock. Run 'pod install' or update your CocoaPods installation.\" >&2\n    exit 1\nfi\n# This output is used by Xcode 'outputs' to avoid re-running this script phase.\necho \"SUCCESS\" > \"${SCRIPT_OUTPUT_FILE_0}\"\n";
			showEnvVarsInLog = 0;
		};
		D5F16A9CA79ED7FB509A74D2 /* [CP] Embed Pods Frameworks */ = {
			isa = PBXShellScriptBuildPhase;
			buildActionMask = 2147483647;
			files = (
			);
			inputFileListPaths = (
				"${PODS_ROOT}/Target Support Files/Pods-Ranking/Pods-Ranking-frameworks-${CONFIGURATION}-input-files.xcfilelist",
			);
			name = "[CP] Embed Pods Frameworks";
			outputFileListPaths = (
				"${PODS_ROOT}/Target Support Files/Pods-Ranking/Pods-Ranking-frameworks-${CONFIGURATION}-output-files.xcfilelist",
			);
			runOnlyForDeploymentPostprocessing = 0;
			shellPath = /bin/sh;
			shellScript = "\"${PODS_ROOT}/Target Support Files/Pods-Ranking/Pods-Ranking-frameworks.sh\"\n";
			showEnvVarsInLog = 0;
		};
/* End PBXShellScriptBuildPhase section */

/* Begin PBXSourcesBuildPhase section */
		B014416B2AEC4E5300CA92C9 /* Sources */ = {
			isa = PBXSourcesBuildPhase;
			buildActionMask = 2147483647;
			files = (
				B0A9BBFC2BA386D5004A5C46 /* AddLeagueView.swift in Sources */,
				B0437A2D2B49BC2100DFD203 /* LeagueSelectionView.swift in Sources */,
				B0507EC72AF6A1DE008E6D97 /* LeagueListView.swift in Sources */,
				B0DD26502B405883004C0EB3 /* AuthService.swift in Sources */,
				B0507ECA2AF7B8ED008E6D97 /* DuelView.swift in Sources */,
				B01441A12AEC510D00CA92C9 /* LoginView.swift in Sources */,
				B01441AA2AED502600CA92C9 /* LeagueView.swift in Sources */,
				B0E505112B5302DA005D0584 /* LeagueUserViewModel.swift in Sources */,
				B0507ECD2AF7CA6E008E6D97 /* DetailLeagueView.swift in Sources */,
				B006A4DF2B0A496600AA6D48 /* UserService.swift in Sources */,
				B0E38FC32B6510FE00EA9481 /* DuelService.swift in Sources */,
				B006A4D92B0A469700AA6D48 /* League.swift in Sources */,
				B0E38FC72B6518A200EA9481 /* DuelViewModel.swift in Sources */,
				B01441A32AED3F9E00CA92C9 /* DashboardView.swift in Sources */,
				B0A9BBFE2BA38CC8004A5C46 /* LeagueService.swift in Sources */,
				B0507ED12AFFB56D008E6D97 /* CardPlayerView.swift in Sources */,
				B0DD26532B406201004C0EB3 /* AuthManager.swift in Sources */,
				B0E38FC52B65146C00EA9481 /* Utils.swift in Sources */,
				B0DD265C2B41B2F5004C0EB3 /* SignUpView.swift in Sources */,
				B0DD26552B4085FD004C0EB3 /* AuthViewModel.swift in Sources */,
				B0A9BC002BA38D94004A5C46 /* LeagueViewModel.swift in Sources */,
				B01441A82AED500700CA92C9 /* AddDuelView.swift in Sources */,
				B0507ED52B0117B5008E6D97 /* DetailDuelView.swift in Sources */,
				B0507EC12AF68AAA008E6D97 /* MainNavView.swift in Sources */,
				B006A4DB2B0A46B500AA6D48 /* LeagueUser.swift in Sources */,
				B01441752AEC4E5300CA92C9 /* ContentView.swift in Sources */,
				B006A4DD2B0A46D300AA6D48 /* Duel.swift in Sources */,
				B006A4D72B0A467800AA6D48 /* UserPayment.swift in Sources */,
				B062EC0B2B12432E00CDA542 /* DashboardService.swift in Sources */,
				B0437A2F2B4AB93300DFD203 /* LeagueUserService.swift in Sources */,
				B0507ED32B00FB0B008E6D97 /* UpdateDuelView.swift in Sources */,
				B02609342BA5CB4C006E9106 /* InvitationsUserViewModel.swift in Sources */,
				B01E54FC2B3CAA76003FF467 /* Login.swift in Sources */,
				B0E38FC92B65400D00EA9481 /* DashboardViewModel.swift in Sources */,
				B02609322BA5CB3D006E9106 /* InvitationsUserService.swift in Sources */,
				B01441732AEC4E5300CA92C9 /* RankingApp.swift in Sources */,
				B0507ECF2AF7CB69008E6D97 /* BarChartView.swift in Sources */,
				B0507EBF2AF64BE5008E6D97 /* CardDuelView.swift in Sources */,
				B062EC092B123F8200CDA542 /* Dashboard.swift in Sources */,
				B02609362BA5CB5E006E9106 /* InvitationsUser.swift in Sources */,
				B0507EDF2B012DB2008E6D97 /* UtilityFunctions.swift in Sources */,
				B0D87EBE2B0915CC0028E0DE /* RoundedBoxView.swift in Sources */,
				B0DD265E2B447663004C0EB3 /* ApiSettings.swift in Sources */,
				B0DD265A2B41B239004C0EB3 /* AuthMainNav.swift in Sources */,
				B0507EBC2AF41382008E6D97 /* CardLeagueView.swift in Sources */,
				B0437A2B2B49BC0D00DFD203 /* UsersSelectionView.swift in Sources */,
				B0437A272B49BB9600DFD203 /* DuelSummaryView.swift in Sources */,
				B02609392BA5CFF5006E9106 /* AddLeagueUserView.swift in Sources */,
				B006A4D52B0A466000AA6D48 /* User.swift in Sources */,
			);
			runOnlyForDeploymentPostprocessing = 0;
		};
/* End PBXSourcesBuildPhase section */

/* Begin XCBuildConfiguration section */
		B014417B2AEC4E5500CA92C9 /* Debug */ = {
			isa = XCBuildConfiguration;
			buildSettings = {
				ALWAYS_SEARCH_USER_PATHS = NO;
				CLANG_ANALYZER_NONNULL = YES;
				CLANG_ANALYZER_NUMBER_OBJECT_CONVERSION = YES_AGGRESSIVE;
				CLANG_CXX_LANGUAGE_STANDARD = "gnu++20";
				CLANG_ENABLE_MODULES = YES;
				CLANG_ENABLE_OBJC_ARC = YES;
				CLANG_ENABLE_OBJC_WEAK = YES;
				CLANG_WARN_BLOCK_CAPTURE_AUTORELEASING = YES;
				CLANG_WARN_BOOL_CONVERSION = YES;
				CLANG_WARN_COMMA = YES;
				CLANG_WARN_CONSTANT_CONVERSION = YES;
				CLANG_WARN_DEPRECATED_OBJC_IMPLEMENTATIONS = YES;
				CLANG_WARN_DIRECT_OBJC_ISA_USAGE = YES_ERROR;
				CLANG_WARN_DOCUMENTATION_COMMENTS = YES;
				CLANG_WARN_EMPTY_BODY = YES;
				CLANG_WARN_ENUM_CONVERSION = YES;
				CLANG_WARN_INFINITE_RECURSION = YES;
				CLANG_WARN_INT_CONVERSION = YES;
				CLANG_WARN_NON_LITERAL_NULL_CONVERSION = YES;
				CLANG_WARN_OBJC_IMPLICIT_RETAIN_SELF = YES;
				CLANG_WARN_OBJC_LITERAL_CONVERSION = YES;
				CLANG_WARN_OBJC_ROOT_CLASS = YES_ERROR;
				CLANG_WARN_QUOTED_INCLUDE_IN_FRAMEWORK_HEADER = YES;
				CLANG_WARN_RANGE_LOOP_ANALYSIS = YES;
				CLANG_WARN_STRICT_PROTOTYPES = YES;
				CLANG_WARN_SUSPICIOUS_MOVE = YES;
				CLANG_WARN_UNGUARDED_AVAILABILITY = YES_AGGRESSIVE;
				CLANG_WARN_UNREACHABLE_CODE = YES;
				CLANG_WARN__DUPLICATE_METHOD_MATCH = YES;
				COPY_PHASE_STRIP = NO;
				DEBUG_INFORMATION_FORMAT = dwarf;
				ENABLE_STRICT_OBJC_MSGSEND = YES;
				ENABLE_TESTABILITY = YES;
				GCC_C_LANGUAGE_STANDARD = gnu11;
				GCC_DYNAMIC_NO_PIC = NO;
				GCC_NO_COMMON_BLOCKS = YES;
				GCC_OPTIMIZATION_LEVEL = 0;
				GCC_PREPROCESSOR_DEFINITIONS = (
					"DEBUG=1",
					"$(inherited)",
				);
				GCC_WARN_64_TO_32_BIT_CONVERSION = YES;
				GCC_WARN_ABOUT_RETURN_TYPE = YES_ERROR;
				GCC_WARN_UNDECLARED_SELECTOR = YES;
				GCC_WARN_UNINITIALIZED_AUTOS = YES_AGGRESSIVE;
				GCC_WARN_UNUSED_FUNCTION = YES;
				GCC_WARN_UNUSED_VARIABLE = YES;
				IPHONEOS_DEPLOYMENT_TARGET = 16.2;
				MTL_ENABLE_DEBUG_INFO = INCLUDE_SOURCE;
				MTL_FAST_MATH = YES;
				ONLY_ACTIVE_ARCH = YES;
				SDKROOT = iphoneos;
				SWIFT_ACTIVE_COMPILATION_CONDITIONS = DEBUG;
				SWIFT_OPTIMIZATION_LEVEL = "-Onone";
			};
			name = Debug;
		};
		B014417C2AEC4E5500CA92C9 /* Release */ = {
			isa = XCBuildConfiguration;
			buildSettings = {
				ALWAYS_SEARCH_USER_PATHS = NO;
				CLANG_ANALYZER_NONNULL = YES;
				CLANG_ANALYZER_NUMBER_OBJECT_CONVERSION = YES_AGGRESSIVE;
				CLANG_CXX_LANGUAGE_STANDARD = "gnu++20";
				CLANG_ENABLE_MODULES = YES;
				CLANG_ENABLE_OBJC_ARC = YES;
				CLANG_ENABLE_OBJC_WEAK = YES;
				CLANG_WARN_BLOCK_CAPTURE_AUTORELEASING = YES;
				CLANG_WARN_BOOL_CONVERSION = YES;
				CLANG_WARN_COMMA = YES;
				CLANG_WARN_CONSTANT_CONVERSION = YES;
				CLANG_WARN_DEPRECATED_OBJC_IMPLEMENTATIONS = YES;
				CLANG_WARN_DIRECT_OBJC_ISA_USAGE = YES_ERROR;
				CLANG_WARN_DOCUMENTATION_COMMENTS = YES;
				CLANG_WARN_EMPTY_BODY = YES;
				CLANG_WARN_ENUM_CONVERSION = YES;
				CLANG_WARN_INFINITE_RECURSION = YES;
				CLANG_WARN_INT_CONVERSION = YES;
				CLANG_WARN_NON_LITERAL_NULL_CONVERSION = YES;
				CLANG_WARN_OBJC_IMPLICIT_RETAIN_SELF = YES;
				CLANG_WARN_OBJC_LITERAL_CONVERSION = YES;
				CLANG_WARN_OBJC_ROOT_CLASS = YES_ERROR;
				CLANG_WARN_QUOTED_INCLUDE_IN_FRAMEWORK_HEADER = YES;
				CLANG_WARN_RANGE_LOOP_ANALYSIS = YES;
				CLANG_WARN_STRICT_PROTOTYPES = YES;
				CLANG_WARN_SUSPICIOUS_MOVE = YES;
				CLANG_WARN_UNGUARDED_AVAILABILITY = YES_AGGRESSIVE;
				CLANG_WARN_UNREACHABLE_CODE = YES;
				CLANG_WARN__DUPLICATE_METHOD_MATCH = YES;
				COPY_PHASE_STRIP = NO;
				DEBUG_INFORMATION_FORMAT = "dwarf-with-dsym";
				ENABLE_NS_ASSERTIONS = NO;
				ENABLE_STRICT_OBJC_MSGSEND = YES;
				GCC_C_LANGUAGE_STANDARD = gnu11;
				GCC_NO_COMMON_BLOCKS = YES;
				GCC_WARN_64_TO_32_BIT_CONVERSION = YES;
				GCC_WARN_ABOUT_RETURN_TYPE = YES_ERROR;
				GCC_WARN_UNDECLARED_SELECTOR = YES;
				GCC_WARN_UNINITIALIZED_AUTOS = YES_AGGRESSIVE;
				GCC_WARN_UNUSED_FUNCTION = YES;
				GCC_WARN_UNUSED_VARIABLE = YES;
				IPHONEOS_DEPLOYMENT_TARGET = 16.2;
				MTL_ENABLE_DEBUG_INFO = NO;
				MTL_FAST_MATH = YES;
				SDKROOT = iphoneos;
				SWIFT_COMPILATION_MODE = wholemodule;
				SWIFT_OPTIMIZATION_LEVEL = "-O";
				VALIDATE_PRODUCT = YES;
			};
			name = Release;
		};
		B014417E2AEC4E5500CA92C9 /* Debug */ = {
			isa = XCBuildConfiguration;
			baseConfigurationReference = 0BA12B7221B185C98DC7BAE1 /* Pods-Ranking.debug.xcconfig */;
			buildSettings = {
				ASSETCATALOG_COMPILER_APPICON_NAME = AppIcon;
				ASSETCATALOG_COMPILER_GLOBAL_ACCENT_COLOR_NAME = AccentColor;
				CODE_SIGN_STYLE = Automatic;
				CURRENT_PROJECT_VERSION = 1;
				DEVELOPMENT_ASSET_PATHS = "\"Ranking/Preview Content\"";
				DEVELOPMENT_TEAM = J6FQ74UV5V;
				ENABLE_PREVIEWS = YES;
				GENERATE_INFOPLIST_FILE = YES;
				INFOPLIST_FILE = Ranking/Info.plist;
				INFOPLIST_KEY_CFBundleDisplayName = URank;
				INFOPLIST_KEY_UIApplicationSceneManifest_Generation = YES;
				INFOPLIST_KEY_UIApplicationSupportsIndirectInputEvents = YES;
				INFOPLIST_KEY_UILaunchScreen_Generation = YES;
				INFOPLIST_KEY_UISupportedInterfaceOrientations_iPad = "UIInterfaceOrientationPortrait UIInterfaceOrientationPortraitUpsideDown UIInterfaceOrientationLandscapeLeft UIInterfaceOrientationLandscapeRight";
				INFOPLIST_KEY_UISupportedInterfaceOrientations_iPhone = "UIInterfaceOrientationPortrait UIInterfaceOrientationLandscapeLeft UIInterfaceOrientationLandscapeRight";
				LD_RUNPATH_SEARCH_PATHS = (
					"$(inherited)",
					"@executable_path/Frameworks",
				);
				MARKETING_VERSION = 1.0;
				PRODUCT_BUNDLE_IDENTIFIER = Akura.Ranking;
				PRODUCT_NAME = "$(TARGET_NAME)";
				SWIFT_EMIT_LOC_STRINGS = YES;
				SWIFT_VERSION = 5.0;
				TARGETED_DEVICE_FAMILY = "1,2";
			};
			name = Debug;
		};
		B014417F2AEC4E5500CA92C9 /* Release */ = {
			isa = XCBuildConfiguration;
			baseConfigurationReference = 9B78917DCA6BD58283DDE3CC /* Pods-Ranking.release.xcconfig */;
			buildSettings = {
				ASSETCATALOG_COMPILER_APPICON_NAME = AppIcon;
				ASSETCATALOG_COMPILER_GLOBAL_ACCENT_COLOR_NAME = AccentColor;
				CODE_SIGN_STYLE = Automatic;
				CURRENT_PROJECT_VERSION = 1;
				DEVELOPMENT_ASSET_PATHS = "\"Ranking/Preview Content\"";
				DEVELOPMENT_TEAM = J6FQ74UV5V;
				ENABLE_PREVIEWS = YES;
				GENERATE_INFOPLIST_FILE = YES;
				INFOPLIST_FILE = Ranking/Info.plist;
				INFOPLIST_KEY_CFBundleDisplayName = URank;
				INFOPLIST_KEY_UIApplicationSceneManifest_Generation = YES;
				INFOPLIST_KEY_UIApplicationSupportsIndirectInputEvents = YES;
				INFOPLIST_KEY_UILaunchScreen_Generation = YES;
				INFOPLIST_KEY_UISupportedInterfaceOrientations_iPad = "UIInterfaceOrientationPortrait UIInterfaceOrientationPortraitUpsideDown UIInterfaceOrientationLandscapeLeft UIInterfaceOrientationLandscapeRight";
				INFOPLIST_KEY_UISupportedInterfaceOrientations_iPhone = "UIInterfaceOrientationPortrait UIInterfaceOrientationLandscapeLeft UIInterfaceOrientationLandscapeRight";
				LD_RUNPATH_SEARCH_PATHS = (
					"$(inherited)",
					"@executable_path/Frameworks",
				);
				MARKETING_VERSION = 1.0;
				PRODUCT_BUNDLE_IDENTIFIER = Akura.Ranking;
				PRODUCT_NAME = "$(TARGET_NAME)";
				SWIFT_EMIT_LOC_STRINGS = YES;
				SWIFT_VERSION = 5.0;
				TARGETED_DEVICE_FAMILY = "1,2";
			};
			name = Release;
		};
/* End XCBuildConfiguration section */

/* Begin XCConfigurationList section */
		B014416A2AEC4E5300CA92C9 /* Build configuration list for PBXProject "Ranking" */ = {
			isa = XCConfigurationList;
			buildConfigurations = (
				B014417B2AEC4E5500CA92C9 /* Debug */,
				B014417C2AEC4E5500CA92C9 /* Release */,
			);
			defaultConfigurationIsVisible = 0;
			defaultConfigurationName = Release;
		};
		B014417D2AEC4E5500CA92C9 /* Build configuration list for PBXNativeTarget "Ranking" */ = {
			isa = XCConfigurationList;
			buildConfigurations = (
				B014417E2AEC4E5500CA92C9 /* Debug */,
				B014417F2AEC4E5500CA92C9 /* Release */,
			);
			defaultConfigurationIsVisible = 0;
			defaultConfigurationName = Release;
		};
/* End XCConfigurationList section */
	};
	rootObject = B01441672AEC4E5300CA92C9 /* Project object */;
}
