// !$*UTF8*$!
{
	archiveVersion = 1;
	classes = {
	};
	objectVersion = 56;
	objects = {

/* Begin PBXBuildFile section */
		B006A4D52B0A466000AA6D48 /* User.swift in Sources */ = {isa = PBXBuildFile; fileRef = B006A4D42B0A466000AA6D48 /* User.swift */; };
		B006A4D72B0A467800AA6D48 /* UserPayment.swift in Sources */ = {isa = PBXBuildFile; fileRef = B006A4D62B0A467800AA6D48 /* UserPayment.swift */; };
		B006A4D92B0A469700AA6D48 /* League.swift in Sources */ = {isa = PBXBuildFile; fileRef = B006A4D82B0A469700AA6D48 /* League.swift */; };
		B006A4DB2B0A46B500AA6D48 /* LeagueUser.swift in Sources */ = {isa = PBXBuildFile; fileRef = B006A4DA2B0A46B500AA6D48 /* LeagueUser.swift */; };
		B006A4DD2B0A46D300AA6D48 /* Duel.swift in Sources */ = {isa = PBXBuildFile; fileRef = B006A4DC2B0A46D300AA6D48 /* Duel.swift */; };
		B006A4DF2B0A496600AA6D48 /* UserService.swift in Sources */ = {isa = PBXBuildFile; fileRef = B006A4DE2B0A496600AA6D48 /* UserService.swift */; };
		B01441732AEC4E5300CA92C9 /* RankingApp.swift in Sources */ = {isa = PBXBuildFile; fileRef = B01441722AEC4E5300CA92C9 /* RankingApp.swift */; };
		B01441752AEC4E5300CA92C9 /* ContentView.swift in Sources */ = {isa = PBXBuildFile; fileRef = B01441742AEC4E5300CA92C9 /* ContentView.swift */; };
		B01441772AEC4E5500CA92C9 /* Assets.xcassets in Resources */ = {isa = PBXBuildFile; fileRef = B01441762AEC4E5500CA92C9 /* Assets.xcassets */; };
		B014417A2AEC4E5500CA92C9 /* Preview Assets.xcassets in Resources */ = {isa = PBXBuildFile; fileRef = B01441792AEC4E5500CA92C9 /* Preview Assets.xcassets */; };
		B01441A12AEC510D00CA92C9 /* LoginView.swift in Sources */ = {isa = PBXBuildFile; fileRef = B01441A02AEC510D00CA92C9 /* LoginView.swift */; };
		B01441A32AED3F9E00CA92C9 /* DashboardView.swift in Sources */ = {isa = PBXBuildFile; fileRef = B01441A22AED3F9E00CA92C9 /* DashboardView.swift */; };
		B01441A82AED500700CA92C9 /* AddDuelView.swift in Sources */ = {isa = PBXBuildFile; fileRef = B01441A72AED500700CA92C9 /* AddDuelView.swift */; };
		B01441AA2AED502600CA92C9 /* LeagueView.swift in Sources */ = {isa = PBXBuildFile; fileRef = B01441A92AED502600CA92C9 /* LeagueView.swift */; };
		B01441AC2AED506200CA92C9 /* SettingsView.swift in Sources */ = {isa = PBXBuildFile; fileRef = B01441AB2AED506200CA92C9 /* SettingsView.swift */; };
		B0507EBC2AF41382008E6D97 /* CardLeagueView.swift in Sources */ = {isa = PBXBuildFile; fileRef = B0507EBB2AF41382008E6D97 /* CardLeagueView.swift */; };
		B0507EBF2AF64BE5008E6D97 /* CardBattelView.swift in Sources */ = {isa = PBXBuildFile; fileRef = B0507EBE2AF64BE5008E6D97 /* CardBattelView.swift */; };
		B0507EC12AF68AAA008E6D97 /* MainNavView.swift in Sources */ = {isa = PBXBuildFile; fileRef = B0507EC02AF68AAA008E6D97 /* MainNavView.swift */; };
		B0507EC72AF6A1DE008E6D97 /* LeagueListView.swift in Sources */ = {isa = PBXBuildFile; fileRef = B0507EC62AF6A1DE008E6D97 /* LeagueListView.swift */; };
		B0507ECA2AF7B8ED008E6D97 /* BattelView.swift in Sources */ = {isa = PBXBuildFile; fileRef = B0507EC92AF7B8ED008E6D97 /* BattelView.swift */; };
		B0507ECD2AF7CA6E008E6D97 /* DetailLeagueView.swift in Sources */ = {isa = PBXBuildFile; fileRef = B0507ECC2AF7CA6E008E6D97 /* DetailLeagueView.swift */; };
		B0507ECF2AF7CB69008E6D97 /* BarChartView.swift in Sources */ = {isa = PBXBuildFile; fileRef = B0507ECE2AF7CB69008E6D97 /* BarChartView.swift */; };
		B0507ED12AFFB56D008E6D97 /* CardPlayerView.swift in Sources */ = {isa = PBXBuildFile; fileRef = B0507ED02AFFB56D008E6D97 /* CardPlayerView.swift */; };
		B0507ED32B00FB0B008E6D97 /* UpdateBattelView.swift in Sources */ = {isa = PBXBuildFile; fileRef = B0507ED22B00FB0B008E6D97 /* UpdateBattelView.swift */; };
		B0507ED52B0117B5008E6D97 /* DetailBattelView.swift in Sources */ = {isa = PBXBuildFile; fileRef = B0507ED42B0117B5008E6D97 /* DetailBattelView.swift */; };
		B0507EDD2B012D9F008E6D97 /* PlayerService.swift in Sources */ = {isa = PBXBuildFile; fileRef = B0507EDC2B012D9F008E6D97 /* PlayerService.swift */; };
		B0507EDF2B012DB2008E6D97 /* UtilityFunctions.swift in Sources */ = {isa = PBXBuildFile; fileRef = B0507EDE2B012DB2008E6D97 /* UtilityFunctions.swift */; };
		B0D87EBE2B0915CC0028E0DE /* RoundedBoxView.swift in Sources */ = {isa = PBXBuildFile; fileRef = B0D87EBD2B0915CC0028E0DE /* RoundedBoxView.swift */; };
/* End PBXBuildFile section */

/* Begin PBXFileReference section */
		B006A4D42B0A466000AA6D48 /* User.swift */ = {isa = PBXFileReference; lastKnownFileType = sourcecode.swift; path = User.swift; sourceTree = "<group>"; };
		B006A4D62B0A467800AA6D48 /* UserPayment.swift */ = {isa = PBXFileReference; lastKnownFileType = sourcecode.swift; path = UserPayment.swift; sourceTree = "<group>"; };
		B006A4D82B0A469700AA6D48 /* League.swift */ = {isa = PBXFileReference; lastKnownFileType = sourcecode.swift; path = League.swift; sourceTree = "<group>"; };
		B006A4DA2B0A46B500AA6D48 /* LeagueUser.swift */ = {isa = PBXFileReference; lastKnownFileType = sourcecode.swift; path = LeagueUser.swift; sourceTree = "<group>"; };
		B006A4DC2B0A46D300AA6D48 /* Duel.swift */ = {isa = PBXFileReference; lastKnownFileType = sourcecode.swift; path = Duel.swift; sourceTree = "<group>"; };
		B006A4DE2B0A496600AA6D48 /* UserService.swift */ = {isa = PBXFileReference; lastKnownFileType = sourcecode.swift; path = UserService.swift; sourceTree = "<group>"; };
		B014416F2AEC4E5300CA92C9 /* Ranking.app */ = {isa = PBXFileReference; explicitFileType = wrapper.application; includeInIndex = 0; path = Ranking.app; sourceTree = BUILT_PRODUCTS_DIR; };
		B01441722AEC4E5300CA92C9 /* RankingApp.swift */ = {isa = PBXFileReference; lastKnownFileType = sourcecode.swift; path = RankingApp.swift; sourceTree = "<group>"; };
		B01441742AEC4E5300CA92C9 /* ContentView.swift */ = {isa = PBXFileReference; lastKnownFileType = sourcecode.swift; path = ContentView.swift; sourceTree = "<group>"; };
		B01441762AEC4E5500CA92C9 /* Assets.xcassets */ = {isa = PBXFileReference; lastKnownFileType = folder.assetcatalog; path = Assets.xcassets; sourceTree = "<group>"; };
		B01441792AEC4E5500CA92C9 /* Preview Assets.xcassets */ = {isa = PBXFileReference; lastKnownFileType = folder.assetcatalog; path = "Preview Assets.xcassets"; sourceTree = "<group>"; };
		B01441A02AEC510D00CA92C9 /* LoginView.swift */ = {isa = PBXFileReference; lastKnownFileType = sourcecode.swift; path = LoginView.swift; sourceTree = "<group>"; };
		B01441A22AED3F9E00CA92C9 /* DashboardView.swift */ = {isa = PBXFileReference; lastKnownFileType = sourcecode.swift; path = DashboardView.swift; sourceTree = "<group>"; };
		B01441A72AED500700CA92C9 /* AddDuelView.swift */ = {isa = PBXFileReference; lastKnownFileType = sourcecode.swift; path = AddDuelView.swift; sourceTree = "<group>"; };
		B01441A92AED502600CA92C9 /* LeagueView.swift */ = {isa = PBXFileReference; lastKnownFileType = sourcecode.swift; path = LeagueView.swift; sourceTree = "<group>"; };
		B01441AB2AED506200CA92C9 /* SettingsView.swift */ = {isa = PBXFileReference; lastKnownFileType = sourcecode.swift; path = SettingsView.swift; sourceTree = "<group>"; };
		B0507EBB2AF41382008E6D97 /* CardLeagueView.swift */ = {isa = PBXFileReference; lastKnownFileType = sourcecode.swift; path = CardLeagueView.swift; sourceTree = "<group>"; };
		B0507EBE2AF64BE5008E6D97 /* CardBattelView.swift */ = {isa = PBXFileReference; lastKnownFileType = sourcecode.swift; path = CardBattelView.swift; sourceTree = "<group>"; };
		B0507EC02AF68AAA008E6D97 /* MainNavView.swift */ = {isa = PBXFileReference; lastKnownFileType = sourcecode.swift; path = MainNavView.swift; sourceTree = "<group>"; };
		B0507EC62AF6A1DE008E6D97 /* LeagueListView.swift */ = {isa = PBXFileReference; lastKnownFileType = sourcecode.swift; path = LeagueListView.swift; sourceTree = "<group>"; };
		B0507EC92AF7B8ED008E6D97 /* BattelView.swift */ = {isa = PBXFileReference; lastKnownFileType = sourcecode.swift; path = BattelView.swift; sourceTree = "<group>"; };
		B0507ECC2AF7CA6E008E6D97 /* DetailLeagueView.swift */ = {isa = PBXFileReference; lastKnownFileType = sourcecode.swift; path = DetailLeagueView.swift; sourceTree = "<group>"; };
		B0507ECE2AF7CB69008E6D97 /* BarChartView.swift */ = {isa = PBXFileReference; lastKnownFileType = sourcecode.swift; path = BarChartView.swift; sourceTree = "<group>"; };
		B0507ED02AFFB56D008E6D97 /* CardPlayerView.swift */ = {isa = PBXFileReference; lastKnownFileType = sourcecode.swift; path = CardPlayerView.swift; sourceTree = "<group>"; };
		B0507ED22B00FB0B008E6D97 /* UpdateBattelView.swift */ = {isa = PBXFileReference; lastKnownFileType = sourcecode.swift; path = UpdateBattelView.swift; sourceTree = "<group>"; };
		B0507ED42B0117B5008E6D97 /* DetailBattelView.swift */ = {isa = PBXFileReference; lastKnownFileType = sourcecode.swift; path = DetailBattelView.swift; sourceTree = "<group>"; };
		B0507EDC2B012D9F008E6D97 /* PlayerService.swift */ = {isa = PBXFileReference; lastKnownFileType = sourcecode.swift; path = PlayerService.swift; sourceTree = "<group>"; };
		B0507EDE2B012DB2008E6D97 /* UtilityFunctions.swift */ = {isa = PBXFileReference; lastKnownFileType = sourcecode.swift; path = UtilityFunctions.swift; sourceTree = "<group>"; };
		B062EC072B12009A00CDA542 /* Info.plist */ = {isa = PBXFileReference; lastKnownFileType = text.plist; path = Info.plist; sourceTree = "<group>"; };
		B0D87EBD2B0915CC0028E0DE /* RoundedBoxView.swift */ = {isa = PBXFileReference; lastKnownFileType = sourcecode.swift; path = RoundedBoxView.swift; sourceTree = "<group>"; };
/* End PBXFileReference section */

/* Begin PBXFrameworksBuildPhase section */
		B014416C2AEC4E5300CA92C9 /* Frameworks */ = {
			isa = PBXFrameworksBuildPhase;
			buildActionMask = 2147483647;
			files = (
			);
			runOnlyForDeploymentPostprocessing = 0;
		};
/* End PBXFrameworksBuildPhase section */

/* Begin PBXGroup section */
		B01441662AEC4E5300CA92C9 = {
			isa = PBXGroup;
			children = (
				B01441712AEC4E5300CA92C9 /* Ranking */,
				B01441702AEC4E5300CA92C9 /* Products */,
			);
			sourceTree = "<group>";
		};
		B01441702AEC4E5300CA92C9 /* Products */ = {
			isa = PBXGroup;
			children = (
				B014416F2AEC4E5300CA92C9 /* Ranking.app */,
			);
			name = Products;
			sourceTree = "<group>";
		};
		B01441712AEC4E5300CA92C9 /* Ranking */ = {
			isa = PBXGroup;
			children = (
				B062EC072B12009A00CDA542 /* Info.plist */,
				B0507ED92B012C2D008E6D97 /* Helpers */,
				B0507ED82B012C24008E6D97 /* Services */,
				B0507ED72B012C1A008E6D97 /* ViewModel */,
				B0507ED62B012C0D008E6D97 /* Model */,
				B01441A62AED4F5E00CA92C9 /* Views */,
				B01441722AEC4E5300CA92C9 /* RankingApp.swift */,
				B01441742AEC4E5300CA92C9 /* ContentView.swift */,
				B01441762AEC4E5500CA92C9 /* Assets.xcassets */,
				B01441782AEC4E5500CA92C9 /* Preview Content */,
			);
			path = Ranking;
			sourceTree = "<group>";
		};
		B01441782AEC4E5500CA92C9 /* Preview Content */ = {
			isa = PBXGroup;
			children = (
				B01441792AEC4E5500CA92C9 /* Preview Assets.xcassets */,
			);
			path = "Preview Content";
			sourceTree = "<group>";
		};
		B01441A62AED4F5E00CA92C9 /* Views */ = {
			isa = PBXGroup;
			children = (
				B0507EBD2AF64BC2008E6D97 /* components */,
				B0507EC82AF7B8C4008E6D97 /* Battel */,
				B0507EC42AF68CCE008E6D97 /* League */,
				B0507EB92AF41322008E6D97 /* Dashboard */,
				B01441A02AEC510D00CA92C9 /* LoginView.swift */,
				B01441AB2AED506200CA92C9 /* SettingsView.swift */,
				B0507EC02AF68AAA008E6D97 /* MainNavView.swift */,
			);
			path = Views;
			sourceTree = "<group>";
		};
		B0507EB92AF41322008E6D97 /* Dashboard */ = {
			isa = PBXGroup;
			children = (
				B0507EBA2AF4133D008E6D97 /* components */,
				B01441A22AED3F9E00CA92C9 /* DashboardView.swift */,
			);
			path = Dashboard;
			sourceTree = "<group>";
		};
		B0507EBA2AF4133D008E6D97 /* components */ = {
			isa = PBXGroup;
			children = (
				B0507EBB2AF41382008E6D97 /* CardLeagueView.swift */,
			);
			path = components;
			sourceTree = "<group>";
		};
		B0507EBD2AF64BC2008E6D97 /* components */ = {
			isa = PBXGroup;
			children = (
				B0507EBE2AF64BE5008E6D97 /* CardBattelView.swift */,
				B0507ECE2AF7CB69008E6D97 /* BarChartView.swift */,
				B0507ED02AFFB56D008E6D97 /* CardPlayerView.swift */,
				B0D87EBD2B0915CC0028E0DE /* RoundedBoxView.swift */,
			);
			path = components;
			sourceTree = "<group>";
		};
		B0507EC42AF68CCE008E6D97 /* League */ = {
			isa = PBXGroup;
			children = (
				B0507EC52AF68CE4008E6D97 /* components */,
				B01441A92AED502600CA92C9 /* LeagueView.swift */,
				B0507ECC2AF7CA6E008E6D97 /* DetailLeagueView.swift */,
			);
			path = League;
			sourceTree = "<group>";
		};
		B0507EC52AF68CE4008E6D97 /* components */ = {
			isa = PBXGroup;
			children = (
				B0507EC62AF6A1DE008E6D97 /* LeagueListView.swift */,
			);
			path = components;
			sourceTree = "<group>";
		};
		B0507EC82AF7B8C4008E6D97 /* Battel */ = {
			isa = PBXGroup;
			children = (
				B0507ECB2AF7B8F2008E6D97 /* components */,
				B0507EC92AF7B8ED008E6D97 /* BattelView.swift */,
				B01441A72AED500700CA92C9 /* AddDuelView.swift */,
				B0507ED22B00FB0B008E6D97 /* UpdateBattelView.swift */,
				B0507ED42B0117B5008E6D97 /* DetailBattelView.swift */,
			);
			path = Battel;
			sourceTree = "<group>";
		};
		B0507ECB2AF7B8F2008E6D97 /* components */ = {
			isa = PBXGroup;
			children = (
			);
			path = components;
			sourceTree = "<group>";
		};
		B0507ED62B012C0D008E6D97 /* Model */ = {
			isa = PBXGroup;
			children = (
				B006A4D42B0A466000AA6D48 /* User.swift */,
				B006A4D62B0A467800AA6D48 /* UserPayment.swift */,
				B006A4D82B0A469700AA6D48 /* League.swift */,
				B006A4DA2B0A46B500AA6D48 /* LeagueUser.swift */,
				B006A4DC2B0A46D300AA6D48 /* Duel.swift */,
			);
			path = Model;
			sourceTree = "<group>";
		};
		B0507ED72B012C1A008E6D97 /* ViewModel */ = {
			isa = PBXGroup;
			children = (
			);
			path = ViewModel;
			sourceTree = "<group>";
		};
		B0507ED82B012C24008E6D97 /* Services */ = {
			isa = PBXGroup;
			children = (
				B0507EDC2B012D9F008E6D97 /* PlayerService.swift */,
				B006A4DE2B0A496600AA6D48 /* UserService.swift */,
			);
			path = Services;
			sourceTree = "<group>";
		};
		B0507ED92B012C2D008E6D97 /* Helpers */ = {
			isa = PBXGroup;
			children = (
				B0507EDE2B012DB2008E6D97 /* UtilityFunctions.swift */,
			);
			path = Helpers;
			sourceTree = "<group>";
		};
/* End PBXGroup section */

/* Begin PBXNativeTarget section */
		B014416E2AEC4E5300CA92C9 /* Ranking */ = {
			isa = PBXNativeTarget;
			buildConfigurationList = B014417D2AEC4E5500CA92C9 /* Build configuration list for PBXNativeTarget "Ranking" */;
			buildPhases = (
				B014416B2AEC4E5300CA92C9 /* Sources */,
				B014416C2AEC4E5300CA92C9 /* Frameworks */,
				B014416D2AEC4E5300CA92C9 /* Resources */,
			);
			buildRules = (
			);
			dependencies = (
			);
			name = Ranking;
			productName = Ranking;
			productReference = B014416F2AEC4E5300CA92C9 /* Ranking.app */;
			productType = "com.apple.product-type.application";
		};
/* End PBXNativeTarget section */

/* Begin PBXProject section */
		B01441672AEC4E5300CA92C9 /* Project object */ = {
			isa = PBXProject;
			attributes = {
				BuildIndependentTargetsInParallel = 1;
				LastSwiftUpdateCheck = 1420;
				LastUpgradeCheck = 1420;
				TargetAttributes = {
					B014416E2AEC4E5300CA92C9 = {
						CreatedOnToolsVersion = 14.2;
					};
				};
			};
			buildConfigurationList = B014416A2AEC4E5300CA92C9 /* Build configuration list for PBXProject "Ranking" */;
			compatibilityVersion = "Xcode 14.0";
			developmentRegion = en;
			hasScannedForEncodings = 0;
			knownRegions = (
				en,
				Base,
			);
			mainGroup = B01441662AEC4E5300CA92C9;
			productRefGroup = B01441702AEC4E5300CA92C9 /* Products */;
			projectDirPath = "";
			projectRoot = "";
			targets = (
				B014416E2AEC4E5300CA92C9 /* Ranking */,
			);
		};
/* End PBXProject section */

/* Begin PBXResourcesBuildPhase section */
		B014416D2AEC4E5300CA92C9 /* Resources */ = {
			isa = PBXResourcesBuildPhase;
			buildActionMask = 2147483647;
			files = (
				B014417A2AEC4E5500CA92C9 /* Preview Assets.xcassets in Resources */,
				B01441772AEC4E5500CA92C9 /* Assets.xcassets in Resources */,
			);
			runOnlyForDeploymentPostprocessing = 0;
		};
/* End PBXResourcesBuildPhase section */

/* Begin PBXSourcesBuildPhase section */
		B014416B2AEC4E5300CA92C9 /* Sources */ = {
			isa = PBXSourcesBuildPhase;
			buildActionMask = 2147483647;
			files = (
				B0507EC72AF6A1DE008E6D97 /* LeagueListView.swift in Sources */,
				B01441AC2AED506200CA92C9 /* SettingsView.swift in Sources */,
				B0507ECA2AF7B8ED008E6D97 /* BattelView.swift in Sources */,
				B01441A12AEC510D00CA92C9 /* LoginView.swift in Sources */,
				B01441AA2AED502600CA92C9 /* LeagueView.swift in Sources */,
				B0507ECD2AF7CA6E008E6D97 /* DetailLeagueView.swift in Sources */,
				B006A4DF2B0A496600AA6D48 /* UserService.swift in Sources */,
				B006A4D92B0A469700AA6D48 /* League.swift in Sources */,
				B01441A32AED3F9E00CA92C9 /* DashboardView.swift in Sources */,
				B0507ED12AFFB56D008E6D97 /* CardPlayerView.swift in Sources */,
				B0507EDD2B012D9F008E6D97 /* PlayerService.swift in Sources */,
				B01441A82AED500700CA92C9 /* AddDuelView.swift in Sources */,
				B0507ED52B0117B5008E6D97 /* DetailBattelView.swift in Sources */,
				B0507EC12AF68AAA008E6D97 /* MainNavView.swift in Sources */,
				B006A4DB2B0A46B500AA6D48 /* LeagueUser.swift in Sources */,
				B01441752AEC4E5300CA92C9 /* ContentView.swift in Sources */,
				B006A4DD2B0A46D300AA6D48 /* Duel.swift in Sources */,
				B006A4D72B0A467800AA6D48 /* UserPayment.swift in Sources */,
				B0507ED32B00FB0B008E6D97 /* UpdateBattelView.swift in Sources */,
				B01441732AEC4E5300CA92C9 /* RankingApp.swift in Sources */,
				B0507ECF2AF7CB69008E6D97 /* BarChartView.swift in Sources */,
				B0507EBF2AF64BE5008E6D97 /* CardBattelView.swift in Sources */,
				B0507EDF2B012DB2008E6D97 /* UtilityFunctions.swift in Sources */,
				B0D87EBE2B0915CC0028E0DE /* RoundedBoxView.swift in Sources */,
				B0507EBC2AF41382008E6D97 /* CardLeagueView.swift in Sources */,
				B006A4D52B0A466000AA6D48 /* User.swift in Sources */,
			);
			runOnlyForDeploymentPostprocessing = 0;
		};
/* End PBXSourcesBuildPhase section */

/* Begin XCBuildConfiguration section */
		B014417B2AEC4E5500CA92C9 /* Debug */ = {
			isa = XCBuildConfiguration;
			buildSettings = {
				ALWAYS_SEARCH_USER_PATHS = NO;
				CLANG_ANALYZER_NONNULL = YES;
				CLANG_ANALYZER_NUMBER_OBJECT_CONVERSION = YES_AGGRESSIVE;
				CLANG_CXX_LANGUAGE_STANDARD = "gnu++20";
				CLANG_ENABLE_MODULES = YES;
				CLANG_ENABLE_OBJC_ARC = YES;
				CLANG_ENABLE_OBJC_WEAK = YES;
				CLANG_WARN_BLOCK_CAPTURE_AUTORELEASING = YES;
				CLANG_WARN_BOOL_CONVERSION = YES;
				CLANG_WARN_COMMA = YES;
				CLANG_WARN_CONSTANT_CONVERSION = YES;
				CLANG_WARN_DEPRECATED_OBJC_IMPLEMENTATIONS = YES;
				CLANG_WARN_DIRECT_OBJC_ISA_USAGE = YES_ERROR;
				CLANG_WARN_DOCUMENTATION_COMMENTS = YES;
				CLANG_WARN_EMPTY_BODY = YES;
				CLANG_WARN_ENUM_CONVERSION = YES;
				CLANG_WARN_INFINITE_RECURSION = YES;
				CLANG_WARN_INT_CONVERSION = YES;
				CLANG_WARN_NON_LITERAL_NULL_CONVERSION = YES;
				CLANG_WARN_OBJC_IMPLICIT_RETAIN_SELF = YES;
				CLANG_WARN_OBJC_LITERAL_CONVERSION = YES;
				CLANG_WARN_OBJC_ROOT_CLASS = YES_ERROR;
				CLANG_WARN_QUOTED_INCLUDE_IN_FRAMEWORK_HEADER = YES;
				CLANG_WARN_RANGE_LOOP_ANALYSIS = YES;
				CLANG_WARN_STRICT_PROTOTYPES = YES;
				CLANG_WARN_SUSPICIOUS_MOVE = YES;
				CLANG_WARN_UNGUARDED_AVAILABILITY = YES_AGGRESSIVE;
				CLANG_WARN_UNREACHABLE_CODE = YES;
				CLANG_WARN__DUPLICATE_METHOD_MATCH = YES;
				COPY_PHASE_STRIP = NO;
				DEBUG_INFORMATION_FORMAT = dwarf;
				ENABLE_STRICT_OBJC_MSGSEND = YES;
				ENABLE_TESTABILITY = YES;
				GCC_C_LANGUAGE_STANDARD = gnu11;
				GCC_DYNAMIC_NO_PIC = NO;
				GCC_NO_COMMON_BLOCKS = YES;
				GCC_OPTIMIZATION_LEVEL = 0;
				GCC_PREPROCESSOR_DEFINITIONS = (
					"DEBUG=1",
					"$(inherited)",
				);
				GCC_WARN_64_TO_32_BIT_CONVERSION = YES;
				GCC_WARN_ABOUT_RETURN_TYPE = YES_ERROR;
				GCC_WARN_UNDECLARED_SELECTOR = YES;
				GCC_WARN_UNINITIALIZED_AUTOS = YES_AGGRESSIVE;
				GCC_WARN_UNUSED_FUNCTION = YES;
				GCC_WARN_UNUSED_VARIABLE = YES;
				IPHONEOS_DEPLOYMENT_TARGET = 16.2;
				MTL_ENABLE_DEBUG_INFO = INCLUDE_SOURCE;
				MTL_FAST_MATH = YES;
				ONLY_ACTIVE_ARCH = YES;
				SDKROOT = iphoneos;
				SWIFT_ACTIVE_COMPILATION_CONDITIONS = DEBUG;
				SWIFT_OPTIMIZATION_LEVEL = "-Onone";
			};
			name = Debug;
		};
		B014417C2AEC4E5500CA92C9 /* Release */ = {
			isa = XCBuildConfiguration;
			buildSettings = {
				ALWAYS_SEARCH_USER_PATHS = NO;
				CLANG_ANALYZER_NONNULL = YES;
				CLANG_ANALYZER_NUMBER_OBJECT_CONVERSION = YES_AGGRESSIVE;
				CLANG_CXX_LANGUAGE_STANDARD = "gnu++20";
				CLANG_ENABLE_MODULES = YES;
				CLANG_ENABLE_OBJC_ARC = YES;
				CLANG_ENABLE_OBJC_WEAK = YES;
				CLANG_WARN_BLOCK_CAPTURE_AUTORELEASING = YES;
				CLANG_WARN_BOOL_CONVERSION = YES;
				CLANG_WARN_COMMA = YES;
				CLANG_WARN_CONSTANT_CONVERSION = YES;
				CLANG_WARN_DEPRECATED_OBJC_IMPLEMENTATIONS = YES;
				CLANG_WARN_DIRECT_OBJC_ISA_USAGE = YES_ERROR;
				CLANG_WARN_DOCUMENTATION_COMMENTS = YES;
				CLANG_WARN_EMPTY_BODY = YES;
				CLANG_WARN_ENUM_CONVERSION = YES;
				CLANG_WARN_INFINITE_RECURSION = YES;
				CLANG_WARN_INT_CONVERSION = YES;
				CLANG_WARN_NON_LITERAL_NULL_CONVERSION = YES;
				CLANG_WARN_OBJC_IMPLICIT_RETAIN_SELF = YES;
				CLANG_WARN_OBJC_LITERAL_CONVERSION = YES;
				CLANG_WARN_OBJC_ROOT_CLASS = YES_ERROR;
				CLANG_WARN_QUOTED_INCLUDE_IN_FRAMEWORK_HEADER = YES;
				CLANG_WARN_RANGE_LOOP_ANALYSIS = YES;
				CLANG_WARN_STRICT_PROTOTYPES = YES;
				CLANG_WARN_SUSPICIOUS_MOVE = YES;
				CLANG_WARN_UNGUARDED_AVAILABILITY = YES_AGGRESSIVE;
				CLANG_WARN_UNREACHABLE_CODE = YES;
				CLANG_WARN__DUPLICATE_METHOD_MATCH = YES;
				COPY_PHASE_STRIP = NO;
				DEBUG_INFORMATION_FORMAT = "dwarf-with-dsym";
				ENABLE_NS_ASSERTIONS = NO;
				ENABLE_STRICT_OBJC_MSGSEND = YES;
				GCC_C_LANGUAGE_STANDARD = gnu11;
				GCC_NO_COMMON_BLOCKS = YES;
				GCC_WARN_64_TO_32_BIT_CONVERSION = YES;
				GCC_WARN_ABOUT_RETURN_TYPE = YES_ERROR;
				GCC_WARN_UNDECLARED_SELECTOR = YES;
				GCC_WARN_UNINITIALIZED_AUTOS = YES_AGGRESSIVE;
				GCC_WARN_UNUSED_FUNCTION = YES;
				GCC_WARN_UNUSED_VARIABLE = YES;
				IPHONEOS_DEPLOYMENT_TARGET = 16.2;
				MTL_ENABLE_DEBUG_INFO = NO;
				MTL_FAST_MATH = YES;
				SDKROOT = iphoneos;
				SWIFT_COMPILATION_MODE = wholemodule;
				SWIFT_OPTIMIZATION_LEVEL = "-O";
				VALIDATE_PRODUCT = YES;
			};
			name = Release;
		};
		B014417E2AEC4E5500CA92C9 /* Debug */ = {
			isa = XCBuildConfiguration;
			buildSettings = {
				ASSETCATALOG_COMPILER_APPICON_NAME = AppIcon;
				ASSETCATALOG_COMPILER_GLOBAL_ACCENT_COLOR_NAME = AccentColor;
				CODE_SIGN_STYLE = Automatic;
				CURRENT_PROJECT_VERSION = 1;
				DEVELOPMENT_ASSET_PATHS = "\"Ranking/Preview Content\"";
				DEVELOPMENT_TEAM = J6FQ74UV5V;
				ENABLE_PREVIEWS = YES;
				GENERATE_INFOPLIST_FILE = YES;
				INFOPLIST_FILE = Ranking/Info.plist;
				INFOPLIST_KEY_UIApplicationSceneManifest_Generation = YES;
				INFOPLIST_KEY_UIApplicationSupportsIndirectInputEvents = YES;
				INFOPLIST_KEY_UILaunchScreen_Generation = YES;
				INFOPLIST_KEY_UISupportedInterfaceOrientations_iPad = "UIInterfaceOrientationPortrait UIInterfaceOrientationPortraitUpsideDown UIInterfaceOrientationLandscapeLeft UIInterfaceOrientationLandscapeRight";
				INFOPLIST_KEY_UISupportedInterfaceOrientations_iPhone = "UIInterfaceOrientationPortrait UIInterfaceOrientationLandscapeLeft UIInterfaceOrientationLandscapeRight";
				LD_RUNPATH_SEARCH_PATHS = (
					"$(inherited)",
					"@executable_path/Frameworks",
				);
				MARKETING_VERSION = 1.0;
				PRODUCT_BUNDLE_IDENTIFIER = Akura.Ranking;
				PRODUCT_NAME = "$(TARGET_NAME)";
				SWIFT_EMIT_LOC_STRINGS = YES;
				SWIFT_VERSION = 5.0;
				TARGETED_DEVICE_FAMILY = "1,2";
			};
			name = Debug;
		};
		B014417F2AEC4E5500CA92C9 /* Release */ = {
			isa = XCBuildConfiguration;
			buildSettings = {
				ASSETCATALOG_COMPILER_APPICON_NAME = AppIcon;
				ASSETCATALOG_COMPILER_GLOBAL_ACCENT_COLOR_NAME = AccentColor;
				CODE_SIGN_STYLE = Automatic;
				CURRENT_PROJECT_VERSION = 1;
				DEVELOPMENT_ASSET_PATHS = "\"Ranking/Preview Content\"";
				DEVELOPMENT_TEAM = J6FQ74UV5V;
				ENABLE_PREVIEWS = YES;
				GENERATE_INFOPLIST_FILE = YES;
				INFOPLIST_FILE = Ranking/Info.plist;
				INFOPLIST_KEY_UIApplicationSceneManifest_Generation = YES;
				INFOPLIST_KEY_UIApplicationSupportsIndirectInputEvents = YES;
				INFOPLIST_KEY_UILaunchScreen_Generation = YES;
				INFOPLIST_KEY_UISupportedInterfaceOrientations_iPad = "UIInterfaceOrientationPortrait UIInterfaceOrientationPortraitUpsideDown UIInterfaceOrientationLandscapeLeft UIInterfaceOrientationLandscapeRight";
				INFOPLIST_KEY_UISupportedInterfaceOrientations_iPhone = "UIInterfaceOrientationPortrait UIInterfaceOrientationLandscapeLeft UIInterfaceOrientationLandscapeRight";
				LD_RUNPATH_SEARCH_PATHS = (
					"$(inherited)",
					"@executable_path/Frameworks",
				);
				MARKETING_VERSION = 1.0;
				PRODUCT_BUNDLE_IDENTIFIER = Akura.Ranking;
				PRODUCT_NAME = "$(TARGET_NAME)";
				SWIFT_EMIT_LOC_STRINGS = YES;
				SWIFT_VERSION = 5.0;
				TARGETED_DEVICE_FAMILY = "1,2";
			};
			name = Release;
		};
/* End XCBuildConfiguration section */

/* Begin XCConfigurationList section */
		B014416A2AEC4E5300CA92C9 /* Build configuration list for PBXProject "Ranking" */ = {
			isa = XCConfigurationList;
			buildConfigurations = (
				B014417B2AEC4E5500CA92C9 /* Debug */,
				B014417C2AEC4E5500CA92C9 /* Release */,
			);
			defaultConfigurationIsVisible = 0;
			defaultConfigurationName = Release;
		};
		B014417D2AEC4E5500CA92C9 /* Build configuration list for PBXNativeTarget "Ranking" */ = {
			isa = XCConfigurationList;
			buildConfigurations = (
				B014417E2AEC4E5500CA92C9 /* Debug */,
				B014417F2AEC4E5500CA92C9 /* Release */,
			);
			defaultConfigurationIsVisible = 0;
			defaultConfigurationName = Release;
		};
/* End XCConfigurationList section */
	};
	rootObject = B01441672AEC4E5300CA92C9 /* Project object */;
}
